
Microsoft Visual Studio Solution File, Format Version 12.00
# Visual Studio Version 17
VisualStudioVersion = 17.7.34221.43
MinimumVisualStudioVersion = 10.0.40219.1
Project("{FAE04EC0-301F-11D3-BF4B-00C04F79EFBC}") = "ProductCatalogService", "ProductCatalogService\ProductCatalogService.csproj", "{36630D2B-A6CD-4230-8538-6BAD1010ED95}"
EndProject
Global
	GlobalSection(SolutionConfigurationPlatforms) = preSolution
		Debug|Any CPU = Debug|Any CPU
		Release|Any CPU = Release|Any CPU
	EndGlobalSection
	GlobalSection(ProjectConfigurationPlatforms) = postSolution
		{36630D2B-A6CD-4230-8538-6BAD1010ED95}.Debug|Any CPU.ActiveCfg = Debug|Any CPU
		{36630D2B-A6CD-4230-8538-6BAD1010ED95}.Debug|Any CPU.Build.0 = Debug|Any CPU
		{36630D2B-A6CD-4230-8538-6BAD1010ED95}.Release|Any CPU.ActiveCfg = Release|Any CPU
		{36630D2B-A6CD-4230-8538-6BAD1010ED95}.Release|Any CPU.Build.0 = Release|Any CPU
	EndGlobalSection
	GlobalSection(SolutionProperties) = preSolution
		HideSolutionNode = FALSE
	EndGlobalSection
	GlobalSection(ExtensibilityGlobals) = postSolution
		SolutionGuid = {D14D624C-D8B7-4F63-809C-E71EC156AF0B}
	EndGlobalSection
EndGlobal
