
Microsoft Visual Studio Solution File, Format Version 12.00
# Visual Studio Version 17
VisualStudioVersion = 17.7.34221.43
MinimumVisualStudioVersion = 10.0.40219.1
Project("{FAE04EC0-301F-11D3-BF4B-00C04F79EFBC}") = "UserService", "UserService\UserService.csproj", "{D97C320E-6675-4ED3-BF55-81D50A8BE05F}"
EndProject
Global
	GlobalSection(SolutionConfigurationPlatforms) = preSolution
		Debug|Any CPU = Debug|Any CPU
		Release|Any CPU = Release|Any CPU
	EndGlobalSection
	GlobalSection(ProjectConfigurationPlatforms) = postSolution
		{D97C320E-6675-4ED3-BF55-81D50A8BE05F}.Debug|Any CPU.ActiveCfg = Debug|Any CPU
		{D97C320E-6675-4ED3-BF55-81D50A8BE05F}.Debug|Any CPU.Build.0 = Debug|Any CPU
		{D97C320E-6675-4ED3-BF55-81D50A8BE05F}.Release|Any CPU.ActiveCfg = Release|Any CPU
		{D97C320E-6675-4ED3-BF55-81D50A8BE05F}.Release|Any CPU.Build.0 = Release|Any CPU
	EndGlobalSection
	GlobalSection(SolutionProperties) = preSolution
		HideSolutionNode = FALSE
	EndGlobalSection
	GlobalSection(ExtensibilityGlobals) = postSolution
		SolutionGuid = {6A341C9E-0C93-42AB-B44E-2785910CE965}
	EndGlobalSection
EndGlobal
