
Microsoft Visual Studio Solution File, Format Version 12.00
# Visual Studio Version 17
VisualStudioVersion = 17.7.34221.43
MinimumVisualStudioVersion = 10.0.40219.1
Project("{FAE04EC0-301F-11D3-BF4B-00C04F79EFBC}") = "ShoppingCartService", "ShoppingCartService\ShoppingCartService.csproj", "{803CB43C-25AE-4084-A901-57BF34F18F3A}"
EndProject
Global
	GlobalSection(SolutionConfigurationPlatforms) = preSolution
		Debug|Any CPU = Debug|Any CPU
		Release|Any CPU = Release|Any CPU
	EndGlobalSection
	GlobalSection(ProjectConfigurationPlatforms) = postSolution
		{803CB43C-25AE-4084-A901-57BF34F18F3A}.Debug|Any CPU.ActiveCfg = Debug|Any CPU
		{803CB43C-25AE-4084-A901-57BF34F18F3A}.Debug|Any CPU.Build.0 = Debug|Any CPU
		{803CB43C-25AE-4084-A901-57BF34F18F3A}.Release|Any CPU.ActiveCfg = Release|Any CPU
		{803CB43C-25AE-4084-A901-57BF34F18F3A}.Release|Any CPU.Build.0 = Release|Any CPU
	EndGlobalSection
	GlobalSection(SolutionProperties) = preSolution
		HideSolutionNode = FALSE
	EndGlobalSection
	GlobalSection(ExtensibilityGlobals) = postSolution
		SolutionGuid = {AD4CB285-0722-4C52-968D-1F2806C6F978}
	EndGlobalSection
EndGlobal
